{
  "version": 4,
  "terraform_version": "1.9.5",
  "serial": 28,
  "lineage": "3a472d40-e9e0-7520-059f-786f11185112",
  "outputs": {
    "arn": {
      "value": "arn:aws:lambda:us-east-1:181184324835:function:Part2",
      "type": "string"
    }
  },
  "resources": [
    {
      "mode": "data",
      "type": "archive_file",
      "name": "zip",
      "provider": "provider[\"registry.terraform.io/hashicorp/archive\"]",
      "instances": [
        {
          "schema_version": 0,
          "attributes": {
            "exclude_symlink_directories": null,
            "excludes": null,
            "id": "b2c12c9d4948b426344baccf10cbe8d271299ee2",
            "output_base64sha256": "B1q1bu66iIauBgyKOGujU4l0G2wVq51CroooccOcnH8=",
            "output_base64sha512": "yHi3pqKyLMQ2iLpD/Z4gRXhHqzSMrVfmIq1sb5WK3rXWfOHKkJhR0j2jIVUpo/nQ/olhE+vdZ1ilLaoBHlCQLA==",
            "output_file_mode": null,
            "output_md5": "830d08e3d2f28d475758c9d5c951d64a",
            "output_path": "./bin/lambda.zip",
            "output_sha": "b2c12c9d4948b426344baccf10cbe8d271299ee2",
            "output_sha256": "075ab56eeeba8886ae060c8a386ba35389741b6c15ab9d42ae8a2871c39c9c7f",
            "output_sha512": "c878b7a6a2b22cc43688ba43fd9e20457847ab348cad57e622ad6c6f958adeb5d67ce1ca909851d23da3215529a3f9d0fe896113ebdd6758a52daa011e50902c",
            "output_size": 252,
            "source": [],
            "source_content": null,
            "source_content_filename": null,
            "source_dir": null,
            "source_file": "./greet_lambda.py",
            "type": "zip"
          },
          "sensitive_attributes": []
        }
      ]
    },
    {
      "mode": "managed",
      "type": "aws_lambda_function",
      "name": "Part2",
      "provider": "provider[\"registry.terraform.io/hashicorp/aws\"]",
      "instances": [
        {
          "schema_version": 0,
          "attributes": {
            "architectures": [
              "x86_64"
            ],
            "arn": "arn:aws:lambda:us-east-1:181184324835:function:Part2",
            "code_sha256": "B1q1bu66iIauBgyKOGujU4l0G2wVq51CroooccOcnH8=",
            "code_signing_config_arn": "",
            "dead_letter_config": [],
            "description": "",
            "environment": [
              {
                "variables": {
                  "greeting": "HELLO"
                }
              }
            ],
            "ephemeral_storage": [
              {
                "size": 512
              }
            ],
            "file_system_config": [],
            "filename": "./bin/lambda.zip",
            "function_name": "Part2",
            "handler": "greet_lambda.lambda_handler",
            "id": "Part2",
            "image_config": [],
            "image_uri": "",
            "invoke_arn": "arn:aws:apigateway:us-east-1:lambda:path/2015-03-31/functions/arn:aws:lambda:us-east-1:181184324835:function:Part2/invocations",
            "kms_key_arn": "",
            "last_modified": "2024-09-11T16:28:30.599+0000",
            "layers": null,
            "logging_config": [
              {
                "application_log_level": "",
                "log_format": "Text",
                "log_group": "/aws/lambda/Part2",
                "system_log_level": ""
              }
            ],
            "memory_size": 128,
            "package_type": "Zip",
            "publish": false,
            "qualified_arn": "arn:aws:lambda:us-east-1:181184324835:function:Part2:$LATEST",
            "qualified_invoke_arn": "arn:aws:apigateway:us-east-1:lambda:path/2015-03-31/functions/arn:aws:lambda:us-east-1:181184324835:function:Part2:$LATEST/invocations",
            "replace_security_groups_on_destroy": null,
            "replacement_security_group_ids": null,
            "reserved_concurrent_executions": -1,
            "role": "arn:aws:iam::181184324835:role/Lambda_full",
            "runtime": "python3.10",
            "s3_bucket": null,
            "s3_key": null,
            "s3_object_version": null,
            "signing_job_arn": "",
            "signing_profile_version_arn": "",
            "skip_destroy": false,
            "snap_start": [],
            "source_code_hash": "",
            "source_code_size": 252,
            "tags": null,
            "tags_all": {},
            "timeout": 3,
            "timeouts": null,
            "tracing_config": [
              {
                "mode": "PassThrough"
              }
            ],
            "version": "$LATEST",
            "vpc_config": []
          },
          "sensitive_attributes": [],
          "private": "eyJlMmJmYjczMC1lY2FhLTExZTYtOGY4OC0zNDM2M2JjN2M0YzAiOnsiY3JlYXRlIjo2MDAwMDAwMDAwMDAsImRlbGV0ZSI6NjAwMDAwMDAwMDAwLCJ1cGRhdGUiOjYwMDAwMDAwMDAwMH19"
        }
      ]
    }
  ],
  "check_results": null
}
